<?xml version="1.0" encoding="UTF-8"?>
<!DOCTYPE plist PUBLIC "-//Apple//DTD PLIST 1.0//EN" "http://www.apple.com/DTDs/PropertyList-1.0.dtd">
<plist version="1.0">
<dict>
	<key>BuildNumber</key>
	<string>450000058</string>
	<key>BundleIdentifier</key>
	<string>com.barebones.bbedit</string>
	<key>HostIdentifier</key>
	<string>CC551391-2823-5B9B-84B1-C854D251E47E</string>
	<key>HostName</key>
	<string>David’s iMac (3)</string>
	<key>LockDate</key>
	<date>2026-07-15T17:49:38Z</date>
	<key>LockID</key>
	<string>02CE4358-701E-4752-863E-2C299372A060</string>
	<key>MarketingVersion</key>
	<string>16.0.1</string>
	<key>NetworkVolume</key>
	<false/>
	<key>ProcessIdentifier</key>
	<integer>1581</integer>
	<key>UserName</key>
	<string>davidflynn</string>
	<key>Version</key>
	<integer>3</integer>
	<key>VolumeIdentifier</key>
	<string>2602248F-F761-4CE2-9904-B37A04036D4B</string>
</dict>
</plist>
